
Microsoft Visual Studio Solution File, Format Version 12.00
# Visual Studio Version 17
VisualStudioVersion = 17.8.34316.72
MinimumVisualStudioVersion = 10.0.40219.1
Project("{FAE04EC0-301F-11D3-BF4B-00C04F79EFBC}") = "Library_WebServer", "Library_WebServer\Library_WebServer.csproj", "{B32AAC43-4023-47BF-B95B-BA0AD4BFBC54}"
EndProject
Global
	GlobalSection(SolutionConfigurationPlatforms) = preSolution
		Debug|Any CPU = Debug|Any CPU
		Release|Any CPU = Release|Any CPU
	EndGlobalSection
	GlobalSection(ProjectConfigurationPlatforms) = postSolution
		{B32AAC43-4023-47BF-B95B-BA0AD4BFBC54}.Debug|Any CPU.ActiveCfg = Debug|Any CPU
		{B32AAC43-4023-47BF-B95B-BA0AD4BFBC54}.Debug|Any CPU.Build.0 = Debug|Any CPU
		{B32AAC43-4023-47BF-B95B-BA0AD4BFBC54}.Release|Any CPU.ActiveCfg = Release|Any CPU
		{B32AAC43-4023-47BF-B95B-BA0AD4BFBC54}.Release|Any CPU.Build.0 = Release|Any CPU
	EndGlobalSection
	GlobalSection(SolutionProperties) = preSolution
		HideSolutionNode = FALSE
	EndGlobalSection
	GlobalSection(ExtensibilityGlobals) = postSolution
		SolutionGuid = {12642ABF-1D9A-47FD-91DA-0EEF2A77476C}
	EndGlobalSection
EndGlobal
